
Microsoft Visual Studio Solution File, Format Version 12.00
# Visual Studio Version 16
VisualStudioVersion = 16.0.31019.35
MinimumVisualStudioVersion = 10.0.40219.1
Project("{FAE04EC0-301F-11D3-BF4B-00C04F79EFBC}") = "imageuploading", "imageuploading.csproj", "{CCA1562F-74C9-40DA-867A-101B9886855C}"
EndProject
Global
	GlobalSection(SolutionConfigurationPlatforms) = preSolution
		Debug|Any CPU = Debug|Any CPU
		Release|Any CPU = Release|Any CPU
	EndGlobalSection
	GlobalSection(ProjectConfigurationPlatforms) = postSolution
		{CCA1562F-74C9-40DA-867A-101B9886855C}.Debug|Any CPU.ActiveCfg = Debug|Any CPU
		{CCA1562F-74C9-40DA-867A-101B9886855C}.Debug|Any CPU.Build.0 = Debug|Any CPU
		{CCA1562F-74C9-40DA-867A-101B9886855C}.Release|Any CPU.ActiveCfg = Release|Any CPU
		{CCA1562F-74C9-40DA-867A-101B9886855C}.Release|Any CPU.Build.0 = Release|Any CPU
	EndGlobalSection
	GlobalSection(SolutionProperties) = preSolution
		HideSolutionNode = FALSE
	EndGlobalSection
	GlobalSection(ExtensibilityGlobals) = postSolution
		SolutionGuid = {7F27A6CF-B20E-4261-8710-BF76197DA855}
	EndGlobalSection
EndGlobal
